
Microsoft Visual Studio Solution File, Format Version 12.00
#
Project("{2150E333-8FDC-42A3-9474-1A3956D46DE8}") = "src", "src", "{81F500DF-CADA-4C44-BFD9-FDEDC6DF1CDB}"
EndProject
Project("{FAE04EC0-301F-11D3-BF4B-00C04F79EFBC}") = "CleanArchitecture.API", "src\CleanArchitecture.API\CleanArchitecture.API.csproj", "{234C1E2B-8DB3-43D5-A70E-A4115FAC9CD3}"
EndProject
Project("{FAE04EC0-301F-11D3-BF4B-00C04F79EFBC}") = "CleanArchitecture.Core", "src\CleanArchitecture.Core\CleanArchitecture.Core.csproj", "{1D79CCE4-0AF5-4DC9-A2C7-C220F97B059D}"
EndProject
Project("{FAE04EC0-301F-11D3-BF4B-00C04F79EFBC}") = "CleanArchitecture.Infrastructure", "src\CleanArchitecture.Infrastructure\CleanArchitecture.Infrastructure.csproj", "{96954C72-16C8-4846-AF9A-5A51E9C6188F}"
EndProject
Global
	GlobalSection(SolutionConfigurationPlatforms) = preSolution
		Debug|Any CPU = Debug|Any CPU
		Release|Any CPU = Release|Any CPU
	EndGlobalSection
	GlobalSection(ProjectConfigurationPlatforms) = postSolution
		{234C1E2B-8DB3-43D5-A70E-A4115FAC9CD3}.Debug|Any CPU.ActiveCfg = Debug|Any CPU
		{234C1E2B-8DB3-43D5-A70E-A4115FAC9CD3}.Debug|Any CPU.Build.0 = Debug|Any CPU
		{234C1E2B-8DB3-43D5-A70E-A4115FAC9CD3}.Release|Any CPU.ActiveCfg = Release|Any CPU
		{234C1E2B-8DB3-43D5-A70E-A4115FAC9CD3}.Release|Any CPU.Build.0 = Release|Any CPU
		{1D79CCE4-0AF5-4DC9-A2C7-C220F97B059D}.Debug|Any CPU.ActiveCfg = Debug|Any CPU
		{1D79CCE4-0AF5-4DC9-A2C7-C220F97B059D}.Debug|Any CPU.Build.0 = Debug|Any CPU
		{1D79CCE4-0AF5-4DC9-A2C7-C220F97B059D}.Release|Any CPU.ActiveCfg = Release|Any CPU
		{1D79CCE4-0AF5-4DC9-A2C7-C220F97B059D}.Release|Any CPU.Build.0 = Release|Any CPU
		{96954C72-16C8-4846-AF9A-5A51E9C6188F}.Debug|Any CPU.ActiveCfg = Debug|Any CPU
		{96954C72-16C8-4846-AF9A-5A51E9C6188F}.Debug|Any CPU.Build.0 = Debug|Any CPU
		{96954C72-16C8-4846-AF9A-5A51E9C6188F}.Release|Any CPU.ActiveCfg = Release|Any CPU
		{96954C72-16C8-4846-AF9A-5A51E9C6188F}.Release|Any CPU.Build.0 = Release|Any CPU
	EndGlobalSection
	GlobalSection(NestedProjects) = preSolution
		{234C1E2B-8DB3-43D5-A70E-A4115FAC9CD3} = {81F500DF-CADA-4C44-BFD9-FDEDC6DF1CDB}
		{1D79CCE4-0AF5-4DC9-A2C7-C220F97B059D} = {81F500DF-CADA-4C44-BFD9-FDEDC6DF1CDB}
		{96954C72-16C8-4846-AF9A-5A51E9C6188F} = {81F500DF-CADA-4C44-BFD9-FDEDC6DF1CDB}
	EndGlobalSection
EndGlobal
